<?xml version="1.0" encoding="utf-8"?>
<Project ToolsVersion="4.0" xmlns="http://schemas.microsoft.com/developer/msbuild/2003">
  <ItemGroup>
    <Filter Include="Source Files">
      <UniqueIdentifier>{74623125-5ca1-45a2-a932-96dabf023ee2}</UniqueIdentifier>
      <Extensions>cpp;c;cxx;rc;def;r;odl;idl;hpj;bat</Extensions>
    </Filter>
    <Filter Include="Header Files">
      <UniqueIdentifier>{50bed04b-1880-416a-8b26-0de23a8abd26}</UniqueIdentifier>
      <Extensions>h;hpp;hxx;hm;inl</Extensions>
    </Filter>
    <Filter Include="Resource Files">
      <UniqueIdentifier>{66d31a55-efc2-46e5-834c-91bd3263d361}</UniqueIdentifier>
      <Extensions>ico;cur;bmp;dlg;rc2;rct;bin;rgs;gif;jpg;jpeg;jpe</Extensions>
    </Filter>
  </ItemGroup>
  <ItemGroup>
    <ClCompile Include="BitmapButton.c">
      <Filter>Source Files</Filter>
    </ClCompile>
    <ClCompile Include="CatpureWindow.c">
      <Filter>Source Files</Filter>
    </ClCompile>
    <ClCompile Include="DisplayClassInfo.c">
      <Filter>Source Files</Filter>
    </ClCompile>
    <ClCompile Include="DisplayGeneralInfo.c">
      <Filter>Source Files</Filter>
    </ClCompile>
    <ClCompile Include="DisplayProcessInfo.c">
      <Filter>Source Files</Filter>
    </ClCompile>
    <ClCompile Include="DisplayPropInfo.c">
      <Filter>Source Files</Filter>
    </ClCompile>
    <ClCompile Include="DisplayScrollInfo.c">
      <Filter>Source Files</Filter>
    </ClCompile>
    <ClCompile Include="DisplayStyleInfo.c">
      <Filter>Source Files</Filter>
    </ClCompile>
    <ClCompile Include="DisplayWindowInfo.c">
      <Filter>Source Files</Filter>
    </ClCompile>
    <ClCompile Include="EditSize.c">
      <Filter>Source Files</Filter>
    </ClCompile>
    <ClCompile Include="FindTool.c">
      <Filter>Source Files</Filter>
    </ClCompile>
    <ClCompile Include="FunkyList.c">
      <Filter>Source Files</Filter>
    </ClCompile>
    <ClCompile Include="GetRemoteWindowInfo.c">
      <Filter>Source Files</Filter>
    </ClCompile>
    <ClCompile Include="InjectThread.c">
      <Filter>Source Files</Filter>
    </ClCompile>
    <ClCompile Include="Options.c">
      <Filter>Source Files</Filter>
    </ClCompile>
    <ClCompile Include="RegHelper.c">
      <Filter>Source Files</Filter>
    </ClCompile>
    <ClCompile Include="StaticCtrl.c">
      <Filter>Source Files</Filter>
    </ClCompile>
    <ClCompile Include="StyleEdit.c">
      <Filter>Source Files</Filter>
    </ClCompile>
    <ClCompile Include="TabCtrlUtils.c">
      <Filter>Source Files</Filter>
    </ClCompile>
    <ClCompile Include="Utils.c">
      <Filter>Source Files</Filter>
    </ClCompile>
    <ClCompile Include="WindowFromPointEx.c">
      <Filter>Source Files</Filter>
    </ClCompile>
    <ClCompile Include="WinSpy.c">
      <Filter>Source Files</Filter>
    </ClCompile>
    <ClCompile Include="WinSpyCommand.c">
      <Filter>Source Files</Filter>
    </ClCompile>
    <ClCompile Include="WinSpyDlgs.c">
      <Filter>Source Files</Filter>
    </ClCompile>
    <ClCompile Include="WinSpyTree.c">
      <Filter>Source Files</Filter>
    </ClCompile>
    <ClCompile Include="WinSpyWindow.c">
      <Filter>Source Files</Filter>
    </ClCompile>
  </ItemGroup>
  <ItemGroup>
    <ResourceCompile Include="WinSpy.rc">
      <Filter>Source Files</Filter>
    </ResourceCompile>
  </ItemGroup>
  <ItemGroup>
    <ClInclude Include="BitmapButton.h">
      <Filter>Header Files</Filter>
    </ClInclude>
    <ClInclude Include="CaptureWindow.h">
      <Filter>Header Files</Filter>
    </ClInclude>
    <ClInclude Include="FindTool.h">
      <Filter>Header Files</Filter>
    </ClInclude>
    <ClInclude Include="InjectThread.h">
      <Filter>Header Files</Filter>
    </ClInclude>
    <ClInclude Include="resource.h">
      <Filter>Header Files</Filter>
    </ClInclude>
    <ClInclude Include="Utils.h">
      <Filter>Header Files</Filter>
    </ClInclude>
    <ClInclude Include="WindowFromPointEx.h">
      <Filter>Header Files</Filter>
    </ClInclude>
    <ClInclude Include="WinSpy.h">
      <Filter>Header Files</Filter>
    </ClInclude>
  </ItemGroup>
  <ItemGroup>
    <CustomBuild Include="app.ico">
      <Filter>Resource Files</Filter>
    </CustomBuild>
    <CustomBuild Include="bitmap1.bmp">
      <Filter>Resource Files</Filter>
    </CustomBuild>
    <CustomBuild Include="bitmap2.bmp">
      <Filter>Resource Files</Filter>
    </CustomBuild>
    <CustomBuild Include="bitmap3.bmp">
      <Filter>Resource Files</Filter>
    </CustomBuild>
    <CustomBuild Include="bitmap4.bmp">
      <Filter>Resource Files</Filter>
    </CustomBuild>
    <CustomBuild Include="bitmap5.bmp">
      <Filter>Resource Files</Filter>
    </CustomBuild>
    <CustomBuild Include="bitmap6.bmp">
      <Filter>Resource Files</Filter>
    </CustomBuild>
    <CustomBuild Include="bmp00001.bmp">
      <Filter>Resource Files</Filter>
    </CustomBuild>
    <CustomBuild Include="bmp00002.bmp">
      <Filter>Resource Files</Filter>
    </CustomBuild>
    <CustomBuild Include="check1.bmp">
      <Filter>Resource Files</Filter>
    </CustomBuild>
    <CustomBuild Include="check2.bmp">
      <Filter>Resource Files</Filter>
    </CustomBuild>
    <CustomBuild Include="cursor1.cur">
      <Filter>Resource Files</Filter>
    </CustomBuild>
    <CustomBuild Include="default1.bin">
      <Filter>Resource Files</Filter>
    </CustomBuild>
    <CustomBuild Include="dnarrow.ico">
      <Filter>Resource Files</Filter>
    </CustomBuild>
    <CustomBuild Include="drag1.bmp">
      <Filter>Resource Files</Filter>
    </CustomBuild>
    <CustomBuild Include="drag2.bmp">
      <Filter>Resource Files</Filter>
    </CustomBuild>
    <CustomBuild Include="ellipses.ico">
      <Filter>Resource Files</Filter>
    </CustomBuild>
    <CustomBuild Include="enter.ico">
      <Filter>Resource Files</Filter>
    </CustomBuild>
    <CustomBuild Include="icon1.ico">
      <Filter>Resource Files</Filter>
    </CustomBuild>
    <CustomBuild Include="icon10.ico">
      <Filter>Resource Files</Filter>
    </CustomBuild>
    <CustomBuild Include="icon11.ico">
      <Filter>Resource Files</Filter>
    </CustomBuild>
    <CustomBuild Include="icon12.ico">
      <Filter>Resource Files</Filter>
    </CustomBuild>
    <CustomBuild Include="icon13.ico">
      <Filter>Resource Files</Filter>
    </CustomBuild>
    <CustomBuild Include="icon14.ico">
      <Filter>Resource Files</Filter>
    </CustomBuild>
    <CustomBuild Include="icon15.ico">
      <Filter>Resource Files</Filter>
    </CustomBuild>
    <CustomBuild Include="icon16.ico">
      <Filter>Resource Files</Filter>
    </CustomBuild>
    <CustomBuild Include="icon17.ico">
      <Filter>Resource Files</Filter>
    </CustomBuild>
    <CustomBuild Include="icon18.ico">
      <Filter>Resource Files</Filter>
    </CustomBuild>
    <CustomBuild Include="icon2.ico">
      <Filter>Resource Files</Filter>
    </CustomBuild>
    <CustomBuild Include="icon3.ico">
      <Filter>Resource Files</Filter>
    </CustomBuild>
    <CustomBuild Include="icon4.ico">
      <Filter>Resource Files</Filter>
    </CustomBuild>
    <CustomBuild Include="icon5.ico">
      <Filter>Resource Files</Filter>
    </CustomBuild>
    <CustomBuild Include="icon6.ico">
      <Filter>Resource Files</Filter>
    </CustomBuild>
    <CustomBuild Include="icon7.ico">
      <Filter>Resource Files</Filter>
    </CustomBuild>
    <CustomBuild Include="icon8.ico">
      <Filter>Resource Files</Filter>
    </CustomBuild>
    <CustomBuild Include="icon9.ico">
      <Filter>Resource Files</Filter>
    </CustomBuild>
    <CustomBuild Include="pin.bmp">
      <Filter>Resource Files</Filter>
    </CustomBuild>
  </ItemGroup>
</Project>